// !$*UTF8*$!
{
	archiveVersion = 1;
	classes = {
	};
	objectVersion = 56;
	objects = {

/* Begin PBXBuildFile section */
		63D02AC32BA085E50081BCC2 /* AppDelegate.swift in Sources */ = {isa = PBXBuildFile; fileRef = 63D02AC22BA085E50081BCC2 /* AppDelegate.swift */; };
		63D02AC52BA085E50081BCC2 /* SceneDelegate.swift in Sources */ = {isa = PBXBuildFile; fileRef = 63D02AC42BA085E50081BCC2 /* SceneDelegate.swift */; };
		63D02ACA2BA085E50081BCC2 /* Main.storyboard in Resources */ = {isa = PBXBuildFile; fileRef = 63D02AC82BA085E50081BCC2 /* Main.storyboard */; };
		63D02ACC2BA085EA0081BCC2 /* Assets.xcassets in Resources */ = {isa = PBXBuildFile; fileRef = 63D02ACB2BA085EA0081BCC2 /* Assets.xcassets */; };
		63D02ACF2BA085EA0081BCC2 /* LaunchScreen.storyboard in Resources */ = {isa = PBXBuildFile; fileRef = 63D02ACD2BA085EA0081BCC2 /* LaunchScreen.storyboard */; };
		63D02AD72BA086890081BCC2 /* Networking.swift in Sources */ = {isa = PBXBuildFile; fileRef = 63D02AD62BA086890081BCC2 /* Networking.swift */; };
		63D02AD92BA0BE5E0081BCC2 /* ResponseModel.swift in Sources */ = {isa = PBXBuildFile; fileRef = 63D02AD82BA0BE5E0081BCC2 /* ResponseModel.swift */; };
		63D02ADE2BA0BFB90081BCC2 /* MainViewController.swift in Sources */ = {isa = PBXBuildFile; fileRef = 63D02ADC2BA0BFB90081BCC2 /* MainViewController.swift */; };
		63D02ADF2BA0BFB90081BCC2 /* MainViewController.xib in Resources */ = {isa = PBXBuildFile; fileRef = 63D02ADD2BA0BFB90081BCC2 /* MainViewController.xib */; };
		63D02AE12BA0C27E0081BCC2 /* ImageLoader.swift in Sources */ = {isa = PBXBuildFile; fileRef = 63D02AE02BA0C27E0081BCC2 /* ImageLoader.swift */; };
		63D02AE32BA0C2FA0081BCC2 /* UIImageView+ImageLoader.swift in Sources */ = {isa = PBXBuildFile; fileRef = 63D02AE22BA0C2FA0081BCC2 /* UIImageView+ImageLoader.swift */; };
		63D02AE82BA192C00081BCC2 /* DetailViewController.swift in Sources */ = {isa = PBXBuildFile; fileRef = 63D02AE62BA192C00081BCC2 /* DetailViewController.swift */; };
		63D02AE92BA192C00081BCC2 /* DetailViewController.xib in Resources */ = {isa = PBXBuildFile; fileRef = 63D02AE72BA192C00081BCC2 /* DetailViewController.xib */; };
		63D02AEB2BA1CC540081BCC2 /* EmployeesListModel.swift in Sources */ = {isa = PBXBuildFile; fileRef = 63D02AEA2BA1CC540081BCC2 /* EmployeesListModel.swift */; };
		63D02AF12BA1DE020081BCC2 /* EmployeeTableViewCell.swift in Sources */ = {isa = PBXBuildFile; fileRef = 63D02AEF2BA1DE020081BCC2 /* EmployeeTableViewCell.swift */; };
		63D02AF22BA1DE020081BCC2 /* EmployeeTableViewCell.xib in Resources */ = {isa = PBXBuildFile; fileRef = 63D02AF02BA1DE020081BCC2 /* EmployeeTableViewCell.xib */; };
		63D2DC4D2BA86CD7006574B7 /* SortTableViewCell.swift in Sources */ = {isa = PBXBuildFile; fileRef = 63D2DC4B2BA86CD7006574B7 /* SortTableViewCell.swift */; };
		63D2DC4E2BA86CD7006574B7 /* SortTableViewCell.xib in Resources */ = {isa = PBXBuildFile; fileRef = 63D2DC4C2BA86CD7006574B7 /* SortTableViewCell.xib */; };
		63D2DC662BA964AB006574B7 /* SortViewController.swift in Sources */ = {isa = PBXBuildFile; fileRef = 63D2DC642BA964AB006574B7 /* SortViewController.swift */; };
		63D2DC672BA964AB006574B7 /* SortViewController.xib in Resources */ = {isa = PBXBuildFile; fileRef = 63D2DC652BA964AB006574B7 /* SortViewController.xib */; };
		63D2DC6B2BA9EF5C006574B7 /* CategoriesView.swift in Sources */ = {isa = PBXBuildFile; fileRef = 63D2DC6A2BA9EF5C006574B7 /* CategoriesView.swift */; };
		63D2DC6E2BA9EFD5006574B7 /* CategoriesCollectionViewCell.swift in Sources */ = {isa = PBXBuildFile; fileRef = 63D2DC6C2BA9EFD5006574B7 /* CategoriesCollectionViewCell.swift */; };
		63D2DC6F2BA9EFD5006574B7 /* CategoriesCollectionViewCell.xib in Resources */ = {isa = PBXBuildFile; fileRef = 63D2DC6D2BA9EFD5006574B7 /* CategoriesCollectionViewCell.xib */; };
		976E5A8E2514D236281B8388 /* Pods_CODETest.framework in Frameworks */ = {isa = PBXBuildFile; fileRef = 59B8B19B77ED36895AC6CBFB /* Pods_CODETest.framework */; };
/* End PBXBuildFile section */

/* Begin PBXFileReference section */
		4412D13B0CC80596FFCDAACA /* Pods-CODETest.debug.xcconfig */ = {isa = PBXFileReference; includeInIndex = 1; lastKnownFileType = text.xcconfig; name = "Pods-CODETest.debug.xcconfig"; path = "Target Support Files/Pods-CODETest/Pods-CODETest.debug.xcconfig"; sourceTree = "<group>"; };
		59B8B19B77ED36895AC6CBFB /* Pods_CODETest.framework */ = {isa = PBXFileReference; explicitFileType = wrapper.framework; includeInIndex = 0; path = Pods_CODETest.framework; sourceTree = BUILT_PRODUCTS_DIR; };
		63D02ABF2BA085E50081BCC2 /* CODETest.app */ = {isa = PBXFileReference; explicitFileType = wrapper.application; includeInIndex = 0; path = CODETest.app; sourceTree = BUILT_PRODUCTS_DIR; };
		63D02AC22BA085E50081BCC2 /* AppDelegate.swift */ = {isa = PBXFileReference; lastKnownFileType = sourcecode.swift; path = AppDelegate.swift; sourceTree = "<group>"; };
		63D02AC42BA085E50081BCC2 /* SceneDelegate.swift */ = {isa = PBXFileReference; lastKnownFileType = sourcecode.swift; path = SceneDelegate.swift; sourceTree = "<group>"; };
		63D02AC92BA085E50081BCC2 /* Base */ = {isa = PBXFileReference; lastKnownFileType = file.storyboard; name = Base; path = Base.lproj/Main.storyboard; sourceTree = "<group>"; };
		63D02ACB2BA085EA0081BCC2 /* Assets.xcassets */ = {isa = PBXFileReference; lastKnownFileType = folder.assetcatalog; path = Assets.xcassets; sourceTree = "<group>"; };
		63D02ACE2BA085EA0081BCC2 /* Base */ = {isa = PBXFileReference; lastKnownFileType = file.storyboard; name = Base; path = Base.lproj/LaunchScreen.storyboard; sourceTree = "<group>"; };
		63D02AD02BA085EA0081BCC2 /* Info.plist */ = {isa = PBXFileReference; lastKnownFileType = text.plist.xml; path = Info.plist; sourceTree = "<group>"; };
		63D02AD62BA086890081BCC2 /* Networking.swift */ = {isa = PBXFileReference; lastKnownFileType = sourcecode.swift; path = Networking.swift; sourceTree = "<group>"; };
		63D02AD82BA0BE5E0081BCC2 /* ResponseModel.swift */ = {isa = PBXFileReference; lastKnownFileType = sourcecode.swift; path = ResponseModel.swift; sourceTree = "<group>"; };
		63D02ADC2BA0BFB90081BCC2 /* MainViewController.swift */ = {isa = PBXFileReference; lastKnownFileType = sourcecode.swift; path = MainViewController.swift; sourceTree = "<group>"; };
		63D02ADD2BA0BFB90081BCC2 /* MainViewController.xib */ = {isa = PBXFileReference; lastKnownFileType = file.xib; path = MainViewController.xib; sourceTree = "<group>"; };
		63D02AE02BA0C27E0081BCC2 /* ImageLoader.swift */ = {isa = PBXFileReference; lastKnownFileType = sourcecode.swift; path = ImageLoader.swift; sourceTree = "<group>"; };
		63D02AE22BA0C2FA0081BCC2 /* UIImageView+ImageLoader.swift */ = {isa = PBXFileReference; lastKnownFileType = sourcecode.swift; path = "UIImageView+ImageLoader.swift"; sourceTree = "<group>"; };
		63D02AE62BA192C00081BCC2 /* DetailViewController.swift */ = {isa = PBXFileReference; lastKnownFileType = sourcecode.swift; path = DetailViewController.swift; sourceTree = "<group>"; };
		63D02AE72BA192C00081BCC2 /* DetailViewController.xib */ = {isa = PBXFileReference; lastKnownFileType = file.xib; path = DetailViewController.xib; sourceTree = "<group>"; };
		63D02AEA2BA1CC540081BCC2 /* EmployeesListModel.swift */ = {isa = PBXFileReference; lastKnownFileType = sourcecode.swift; path = EmployeesListModel.swift; sourceTree = "<group>"; };
		63D02AEF2BA1DE020081BCC2 /* EmployeeTableViewCell.swift */ = {isa = PBXFileReference; lastKnownFileType = sourcecode.swift; path = EmployeeTableViewCell.swift; sourceTree = "<group>"; };
		63D02AF02BA1DE020081BCC2 /* EmployeeTableViewCell.xib */ = {isa = PBXFileReference; lastKnownFileType = file.xib; path = EmployeeTableViewCell.xib; sourceTree = "<group>"; };
		63D2DC4B2BA86CD7006574B7 /* SortTableViewCell.swift */ = {isa = PBXFileReference; lastKnownFileType = sourcecode.swift; path = SortTableViewCell.swift; sourceTree = "<group>"; };
		63D2DC4C2BA86CD7006574B7 /* SortTableViewCell.xib */ = {isa = PBXFileReference; lastKnownFileType = file.xib; path = SortTableViewCell.xib; sourceTree = "<group>"; };
		63D2DC642BA964AB006574B7 /* SortViewController.swift */ = {isa = PBXFileReference; lastKnownFileType = sourcecode.swift; path = SortViewController.swift; sourceTree = "<group>"; };
		63D2DC652BA964AB006574B7 /* SortViewController.xib */ = {isa = PBXFileReference; lastKnownFileType = file.xib; path = SortViewController.xib; sourceTree = "<group>"; };
		63D2DC6A2BA9EF5C006574B7 /* CategoriesView.swift */ = {isa = PBXFileReference; lastKnownFileType = sourcecode.swift; path = CategoriesView.swift; sourceTree = "<group>"; };
		63D2DC6C2BA9EFD5006574B7 /* CategoriesCollectionViewCell.swift */ = {isa = PBXFileReference; lastKnownFileType = sourcecode.swift; path = CategoriesCollectionViewCell.swift; sourceTree = "<group>"; };
		63D2DC6D2BA9EFD5006574B7 /* CategoriesCollectionViewCell.xib */ = {isa = PBXFileReference; lastKnownFileType = file.xib; path = CategoriesCollectionViewCell.xib; sourceTree = "<group>"; };
		CEB944F00395885340DA19F5 /* Pods-CODETest.release.xcconfig */ = {isa = PBXFileReference; includeInIndex = 1; lastKnownFileType = text.xcconfig; name = "Pods-CODETest.release.xcconfig"; path = "Target Support Files/Pods-CODETest/Pods-CODETest.release.xcconfig"; sourceTree = "<group>"; };
/* End PBXFileReference section */

/* Begin PBXFrameworksBuildPhase section */
		63D02ABC2BA085E50081BCC2 /* Frameworks */ = {
			isa = PBXFrameworksBuildPhase;
			buildActionMask = 2147483647;
			files = (
				976E5A8E2514D236281B8388 /* Pods_CODETest.framework in Frameworks */,
			);
			runOnlyForDeploymentPostprocessing = 0;
		};
/* End PBXFrameworksBuildPhase section */

/* Begin PBXGroup section */
		63D02AB62BA085E50081BCC2 = {
			isa = PBXGroup;
			children = (
				63D02AC12BA085E50081BCC2 /* CODETest */,
				63D02AC02BA085E50081BCC2 /* Products */,
				FF84EF8EAAED19C9F5DA9F86 /* Pods */,
				84B2C86BC5F04C77A8954060 /* Frameworks */,
			);
			sourceTree = "<group>";
		};
		63D02AC02BA085E50081BCC2 /* Products */ = {
			isa = PBXGroup;
			children = (
				63D02ABF2BA085E50081BCC2 /* CODETest.app */,
			);
			name = Products;
			sourceTree = "<group>";
		};
		63D02AC12BA085E50081BCC2 /* CODETest */ = {
			isa = PBXGroup;
			children = (
				63D02AE52BA0CE810081BCC2 /* Model */,
				63D02ADB2BA0BEE00081BCC2 /* Application */,
				63D02ADA2BA0BEC10081BCC2 /* Network */,
				63D02AE42BA0CE310081BCC2 /* Controllers */,
			);
			path = CODETest;
			sourceTree = "<group>";
		};
		63D02ADA2BA0BEC10081BCC2 /* Network */ = {
			isa = PBXGroup;
			children = (
				63D02AD62BA086890081BCC2 /* Networking.swift */,
				63D02AE02BA0C27E0081BCC2 /* ImageLoader.swift */,
				63D02AE22BA0C2FA0081BCC2 /* UIImageView+ImageLoader.swift */,
			);
			path = Network;
			sourceTree = "<group>";
		};
		63D02ADB2BA0BEE00081BCC2 /* Application */ = {
			isa = PBXGroup;
			children = (
				63D02AC22BA085E50081BCC2 /* AppDelegate.swift */,
				63D02AC42BA085E50081BCC2 /* SceneDelegate.swift */,
				63D02AC82BA085E50081BCC2 /* Main.storyboard */,
				63D02ACD2BA085EA0081BCC2 /* LaunchScreen.storyboard */,
				63D02AD02BA085EA0081BCC2 /* Info.plist */,
			);
			path = Application;
			sourceTree = "<group>";
		};
		63D02AE42BA0CE310081BCC2 /* Controllers */ = {
			isa = PBXGroup;
			children = (
				63D2DC4A2BA86C60006574B7 /* Sort */,
				63D2DC682BA9EEA6006574B7 /* Main */,
				63D02AEE2BA1D9290081BCC2 /* DetailVC */,
				63D02ACB2BA085EA0081BCC2 /* Assets.xcassets */,
			);
			path = Controllers;
			sourceTree = "<group>";
		};
		63D02AE52BA0CE810081BCC2 /* Model */ = {
			isa = PBXGroup;
			children = (
				63D02AD82BA0BE5E0081BCC2 /* ResponseModel.swift */,
				63D02AEA2BA1CC540081BCC2 /* EmployeesListModel.swift */,
			);
			path = Model;
			sourceTree = "<group>";
		};
		63D02AEE2BA1D9290081BCC2 /* DetailVC */ = {
			isa = PBXGroup;
			children = (
				63D02AE62BA192C00081BCC2 /* DetailViewController.swift */,
				63D02AE72BA192C00081BCC2 /* DetailViewController.xib */,
			);
			path = DetailVC;
			sourceTree = "<group>";
		};
		63D2DC3F2BA42C33006574B7 /* EmployeeTableCell */ = {
			isa = PBXGroup;
			children = (
				63D02AEF2BA1DE020081BCC2 /* EmployeeTableViewCell.swift */,
				63D02AF02BA1DE020081BCC2 /* EmployeeTableViewCell.xib */,
			);
			path = EmployeeTableCell;
			sourceTree = "<group>";
		};
		63D2DC4A2BA86C60006574B7 /* Sort */ = {
			isa = PBXGroup;
			children = (
				63D2DC4F2BA86CDD006574B7 /* Cell */,
				63D2DC642BA964AB006574B7 /* SortViewController.swift */,
				63D2DC652BA964AB006574B7 /* SortViewController.xib */,
			);
			path = Sort;
			sourceTree = "<group>";
		};
		63D2DC4F2BA86CDD006574B7 /* Cell */ = {
			isa = PBXGroup;
			children = (
				63D2DC4B2BA86CD7006574B7 /* SortTableViewCell.swift */,
				63D2DC4C2BA86CD7006574B7 /* SortTableViewCell.xib */,
			);
			path = Cell;
			sourceTree = "<group>";
		};
		63D2DC682BA9EEA6006574B7 /* Main */ = {
			isa = PBXGroup;
			children = (
				63D2DC692BA9EEF0006574B7 /* View */,
				63D02ADC2BA0BFB90081BCC2 /* MainViewController.swift */,
				63D02ADD2BA0BFB90081BCC2 /* MainViewController.xib */,
				63D2DC3F2BA42C33006574B7 /* EmployeeTableCell */,
			);
			path = Main;
			sourceTree = "<group>";
		};
		63D2DC692BA9EEF0006574B7 /* View */ = {
			isa = PBXGroup;
			children = (
				63D2DC702BA9EFDF006574B7 /* Cell */,
				63D2DC6A2BA9EF5C006574B7 /* CategoriesView.swift */,
			);
			path = View;
			sourceTree = "<group>";
		};
		63D2DC702BA9EFDF006574B7 /* Cell */ = {
			isa = PBXGroup;
			children = (
				63D2DC6D2BA9EFD5006574B7 /* CategoriesCollectionViewCell.xib */,
				63D2DC6C2BA9EFD5006574B7 /* CategoriesCollectionViewCell.swift */,
			);
			path = Cell;
			sourceTree = "<group>";
		};
		84B2C86BC5F04C77A8954060 /* Frameworks */ = {
			isa = PBXGroup;
			children = (
				59B8B19B77ED36895AC6CBFB /* Pods_CODETest.framework */,
			);
			name = Frameworks;
			sourceTree = "<group>";
		};
		FF84EF8EAAED19C9F5DA9F86 /* Pods */ = {
			isa = PBXGroup;
			children = (
				4412D13B0CC80596FFCDAACA /* Pods-CODETest.debug.xcconfig */,
				CEB944F00395885340DA19F5 /* Pods-CODETest.release.xcconfig */,
			);
			path = Pods;
			sourceTree = "<group>";
		};
/* End PBXGroup section */

/* Begin PBXNativeTarget section */
		63D02ABE2BA085E50081BCC2 /* CODETest */ = {
			isa = PBXNativeTarget;
			buildConfigurationList = 63D02AD32BA085EA0081BCC2 /* Build configuration list for PBXNativeTarget "CODETest" */;
			buildPhases = (
				0B1BAD20EF3BD6E3A2C05A7F /* [CP] Check Pods Manifest.lock */,
				63D02ABB2BA085E50081BCC2 /* Sources */,
				63D02ABC2BA085E50081BCC2 /* Frameworks */,
				63D02ABD2BA085E50081BCC2 /* Resources */,
				C80982AEB434E7D9E5804CB9 /* [CP] Embed Pods Frameworks */,
			);
			buildRules = (
			);
			dependencies = (
			);
			name = CODETest;
			productName = CODETest;
			productReference = 63D02ABF2BA085E50081BCC2 /* CODETest.app */;
			productType = "com.apple.product-type.application";
		};
/* End PBXNativeTarget section */

/* Begin PBXProject section */
		63D02AB72BA085E50081BCC2 /* Project object */ = {
			isa = PBXProject;
			attributes = {
				BuildIndependentTargetsInParallel = 1;
				LastSwiftUpdateCheck = 1420;
				LastUpgradeCheck = 1420;
				TargetAttributes = {
					63D02ABE2BA085E50081BCC2 = {
						CreatedOnToolsVersion = 14.2;
					};
				};
			};
			buildConfigurationList = 63D02ABA2BA085E50081BCC2 /* Build configuration list for PBXProject "CODETest" */;
			compatibilityVersion = "Xcode 14.0";
			developmentRegion = en;
			hasScannedForEncodings = 0;
			knownRegions = (
				en,
				Base,
			);
			mainGroup = 63D02AB62BA085E50081BCC2;
			productRefGroup = 63D02AC02BA085E50081BCC2 /* Products */;
			projectDirPath = "";
			projectRoot = "";
			targets = (
				63D02ABE2BA085E50081BCC2 /* CODETest */,
			);
		};
/* End PBXProject section */

/* Begin PBXResourcesBuildPhase section */
		63D02ABD2BA085E50081BCC2 /* Resources */ = {
			isa = PBXResourcesBuildPhase;
			buildActionMask = 2147483647;
			files = (
				63D2DC4E2BA86CD7006574B7 /* SortTableViewCell.xib in Resources */,
				63D02ACF2BA085EA0081BCC2 /* LaunchScreen.storyboard in Resources */,
				63D2DC6F2BA9EFD5006574B7 /* CategoriesCollectionViewCell.xib in Resources */,
				63D02ACC2BA085EA0081BCC2 /* Assets.xcassets in Resources */,
				63D02AE92BA192C00081BCC2 /* DetailViewController.xib in Resources */,
				63D02AF22BA1DE020081BCC2 /* EmployeeTableViewCell.xib in Resources */,
				63D02ACA2BA085E50081BCC2 /* Main.storyboard in Resources */,
				63D2DC672BA964AB006574B7 /* SortViewController.xib in Resources */,
				63D02ADF2BA0BFB90081BCC2 /* MainViewController.xib in Resources */,
			);
			runOnlyForDeploymentPostprocessing = 0;
		};
/* End PBXResourcesBuildPhase section */

/* Begin PBXShellScriptBuildPhase section */
		0B1BAD20EF3BD6E3A2C05A7F /* [CP] Check Pods Manifest.lock */ = {
			isa = PBXShellScriptBuildPhase;
			buildActionMask = 2147483647;
			files = (
			);
			inputFileListPaths = (
			);
			inputPaths = (
				"${PODS_PODFILE_DIR_PATH}/Podfile.lock",
				"${PODS_ROOT}/Manifest.lock",
			);
			name = "[CP] Check Pods Manifest.lock";
			outputFileListPaths = (
			);
			outputPaths = (
				"$(DERIVED_FILE_DIR)/Pods-CODETest-checkManifestLockResult.txt",
			);
			runOnlyForDeploymentPostprocessing = 0;
			shellPath = /bin/sh;
			shellScript = "diff \"${PODS_PODFILE_DIR_PATH}/Podfile.lock\" \"${PODS_ROOT}/Manifest.lock\" > /dev/null\nif [ $? != 0 ] ; then\n    # print error to STDERR\n    echo \"error: The sandbox is not in sync with the Podfile.lock. Run 'pod install' or update your CocoaPods installation.\" >&2\n    exit 1\nfi\n# This output is used by Xcode 'outputs' to avoid re-running this script phase.\necho \"SUCCESS\" > \"${SCRIPT_OUTPUT_FILE_0}\"\n";
			showEnvVarsInLog = 0;
		};
		C80982AEB434E7D9E5804CB9 /* [CP] Embed Pods Frameworks */ = {
			isa = PBXShellScriptBuildPhase;
			buildActionMask = 2147483647;
			files = (
			);
			inputFileListPaths = (
				"${PODS_ROOT}/Target Support Files/Pods-CODETest/Pods-CODETest-frameworks-${CONFIGURATION}-input-files.xcfilelist",
			);
			name = "[CP] Embed Pods Frameworks";
			outputFileListPaths = (
				"${PODS_ROOT}/Target Support Files/Pods-CODETest/Pods-CODETest-frameworks-${CONFIGURATION}-output-files.xcfilelist",
			);
			runOnlyForDeploymentPostprocessing = 0;
			shellPath = /bin/sh;
			shellScript = "\"${PODS_ROOT}/Target Support Files/Pods-CODETest/Pods-CODETest-frameworks.sh\"\n";
			showEnvVarsInLog = 0;
		};
/* End PBXShellScriptBuildPhase section */

/* Begin PBXSourcesBuildPhase section */
		63D02ABB2BA085E50081BCC2 /* Sources */ = {
			isa = PBXSourcesBuildPhase;
			buildActionMask = 2147483647;
			files = (
				63D02AE12BA0C27E0081BCC2 /* ImageLoader.swift in Sources */,
				63D02AE32BA0C2FA0081BCC2 /* UIImageView+ImageLoader.swift in Sources */,
				63D2DC662BA964AB006574B7 /* SortViewController.swift in Sources */,
				63D02AC32BA085E50081BCC2 /* AppDelegate.swift in Sources */,
				63D02AC52BA085E50081BCC2 /* SceneDelegate.swift in Sources */,
				63D02ADE2BA0BFB90081BCC2 /* MainViewController.swift in Sources */,
				63D2DC6B2BA9EF5C006574B7 /* CategoriesView.swift in Sources */,
				63D2DC4D2BA86CD7006574B7 /* SortTableViewCell.swift in Sources */,
				63D2DC6E2BA9EFD5006574B7 /* CategoriesCollectionViewCell.swift in Sources */,
				63D02AF12BA1DE020081BCC2 /* EmployeeTableViewCell.swift in Sources */,
				63D02AEB2BA1CC540081BCC2 /* EmployeesListModel.swift in Sources */,
				63D02AD92BA0BE5E0081BCC2 /* ResponseModel.swift in Sources */,
				63D02AD72BA086890081BCC2 /* Networking.swift in Sources */,
				63D02AE82BA192C00081BCC2 /* DetailViewController.swift in Sources */,
			);
			runOnlyForDeploymentPostprocessing = 0;
		};
/* End PBXSourcesBuildPhase section */

/* Begin PBXVariantGroup section */
		63D02AC82BA085E50081BCC2 /* Main.storyboard */ = {
			isa = PBXVariantGroup;
			children = (
				63D02AC92BA085E50081BCC2 /* Base */,
			);
			name = Main.storyboard;
			sourceTree = "<group>";
		};
		63D02ACD2BA085EA0081BCC2 /* LaunchScreen.storyboard */ = {
			isa = PBXVariantGroup;
			children = (
				63D02ACE2BA085EA0081BCC2 /* Base */,
			);
			name = LaunchScreen.storyboard;
			sourceTree = "<group>";
		};
/* End PBXVariantGroup section */

/* Begin XCBuildConfiguration section */
		63D02AD12BA085EA0081BCC2 /* Debug */ = {
			isa = XCBuildConfiguration;
			buildSettings = {
				ALWAYS_SEARCH_USER_PATHS = NO;
				CLANG_ANALYZER_NONNULL = YES;
				CLANG_ANALYZER_NUMBER_OBJECT_CONVERSION = YES_AGGRESSIVE;
				CLANG_CXX_LANGUAGE_STANDARD = "gnu++20";
				CLANG_ENABLE_MODULES = YES;
				CLANG_ENABLE_OBJC_ARC = YES;
				CLANG_ENABLE_OBJC_WEAK = YES;
				CLANG_WARN_BLOCK_CAPTURE_AUTORELEASING = YES;
				CLANG_WARN_BOOL_CONVERSION = YES;
				CLANG_WARN_COMMA = YES;
				CLANG_WARN_CONSTANT_CONVERSION = YES;
				CLANG_WARN_DEPRECATED_OBJC_IMPLEMENTATIONS = YES;
				CLANG_WARN_DIRECT_OBJC_ISA_USAGE = YES_ERROR;
				CLANG_WARN_DOCUMENTATION_COMMENTS = YES;
				CLANG_WARN_EMPTY_BODY = YES;
				CLANG_WARN_ENUM_CONVERSION = YES;
				CLANG_WARN_INFINITE_RECURSION = YES;
				CLANG_WARN_INT_CONVERSION = YES;
				CLANG_WARN_NON_LITERAL_NULL_CONVERSION = YES;
				CLANG_WARN_OBJC_IMPLICIT_RETAIN_SELF = YES;
				CLANG_WARN_OBJC_LITERAL_CONVERSION = YES;
				CLANG_WARN_OBJC_ROOT_CLASS = YES_ERROR;
				CLANG_WARN_QUOTED_INCLUDE_IN_FRAMEWORK_HEADER = YES;
				CLANG_WARN_RANGE_LOOP_ANALYSIS = YES;
				CLANG_WARN_STRICT_PROTOTYPES = YES;
				CLANG_WARN_SUSPICIOUS_MOVE = YES;
				CLANG_WARN_UNGUARDED_AVAILABILITY = YES_AGGRESSIVE;
				CLANG_WARN_UNREACHABLE_CODE = YES;
				CLANG_WARN__DUPLICATE_METHOD_MATCH = YES;
				COPY_PHASE_STRIP = NO;
				DEBUG_INFORMATION_FORMAT = dwarf;
				ENABLE_STRICT_OBJC_MSGSEND = YES;
				ENABLE_TESTABILITY = YES;
				GCC_C_LANGUAGE_STANDARD = gnu11;
				GCC_DYNAMIC_NO_PIC = NO;
				GCC_NO_COMMON_BLOCKS = YES;
				GCC_OPTIMIZATION_LEVEL = 0;
				GCC_PREPROCESSOR_DEFINITIONS = (
					"DEBUG=1",
					"$(inherited)",
				);
				GCC_WARN_64_TO_32_BIT_CONVERSION = YES;
				GCC_WARN_ABOUT_RETURN_TYPE = YES_ERROR;
				GCC_WARN_UNDECLARED_SELECTOR = YES;
				GCC_WARN_UNINITIALIZED_AUTOS = YES_AGGRESSIVE;
				GCC_WARN_UNUSED_FUNCTION = YES;
				GCC_WARN_UNUSED_VARIABLE = YES;
				IPHONEOS_DEPLOYMENT_TARGET = 16.2;
				MTL_ENABLE_DEBUG_INFO = INCLUDE_SOURCE;
				MTL_FAST_MATH = YES;
				ONLY_ACTIVE_ARCH = YES;
				SDKROOT = iphoneos;
				SWIFT_ACTIVE_COMPILATION_CONDITIONS = DEBUG;
				SWIFT_OPTIMIZATION_LEVEL = "-Onone";
			};
			name = Debug;
		};
		63D02AD22BA085EA0081BCC2 /* Release */ = {
			isa = XCBuildConfiguration;
			buildSettings = {
				ALWAYS_SEARCH_USER_PATHS = NO;
				CLANG_ANALYZER_NONNULL = YES;
				CLANG_ANALYZER_NUMBER_OBJECT_CONVERSION = YES_AGGRESSIVE;
				CLANG_CXX_LANGUAGE_STANDARD = "gnu++20";
				CLANG_ENABLE_MODULES = YES;
				CLANG_ENABLE_OBJC_ARC = YES;
				CLANG_ENABLE_OBJC_WEAK = YES;
				CLANG_WARN_BLOCK_CAPTURE_AUTORELEASING = YES;
				CLANG_WARN_BOOL_CONVERSION = YES;
				CLANG_WARN_COMMA = YES;
				CLANG_WARN_CONSTANT_CONVERSION = YES;
				CLANG_WARN_DEPRECATED_OBJC_IMPLEMENTATIONS = YES;
				CLANG_WARN_DIRECT_OBJC_ISA_USAGE = YES_ERROR;
				CLANG_WARN_DOCUMENTATION_COMMENTS = YES;
				CLANG_WARN_EMPTY_BODY = YES;
				CLANG_WARN_ENUM_CONVERSION = YES;
				CLANG_WARN_INFINITE_RECURSION = YES;
				CLANG_WARN_INT_CONVERSION = YES;
				CLANG_WARN_NON_LITERAL_NULL_CONVERSION = YES;
				CLANG_WARN_OBJC_IMPLICIT_RETAIN_SELF = YES;
				CLANG_WARN_OBJC_LITERAL_CONVERSION = YES;
				CLANG_WARN_OBJC_ROOT_CLASS = YES_ERROR;
				CLANG_WARN_QUOTED_INCLUDE_IN_FRAMEWORK_HEADER = YES;
				CLANG_WARN_RANGE_LOOP_ANALYSIS = YES;
				CLANG_WARN_STRICT_PROTOTYPES = YES;
				CLANG_WARN_SUSPICIOUS_MOVE = YES;
				CLANG_WARN_UNGUARDED_AVAILABILITY = YES_AGGRESSIVE;
				CLANG_WARN_UNREACHABLE_CODE = YES;
				CLANG_WARN__DUPLICATE_METHOD_MATCH = YES;
				COPY_PHASE_STRIP = NO;
				DEBUG_INFORMATION_FORMAT = "dwarf-with-dsym";
				ENABLE_NS_ASSERTIONS = NO;
				ENABLE_STRICT_OBJC_MSGSEND = YES;
				GCC_C_LANGUAGE_STANDARD = gnu11;
				GCC_NO_COMMON_BLOCKS = YES;
				GCC_WARN_64_TO_32_BIT_CONVERSION = YES;
				GCC_WARN_ABOUT_RETURN_TYPE = YES_ERROR;
				GCC_WARN_UNDECLARED_SELECTOR = YES;
				GCC_WARN_UNINITIALIZED_AUTOS = YES_AGGRESSIVE;
				GCC_WARN_UNUSED_FUNCTION = YES;
				GCC_WARN_UNUSED_VARIABLE = YES;
				IPHONEOS_DEPLOYMENT_TARGET = 16.2;
				MTL_ENABLE_DEBUG_INFO = NO;
				MTL_FAST_MATH = YES;
				SDKROOT = iphoneos;
				SWIFT_COMPILATION_MODE = wholemodule;
				SWIFT_OPTIMIZATION_LEVEL = "-O";
				VALIDATE_PRODUCT = YES;
			};
			name = Release;
		};
		63D02AD42BA085EA0081BCC2 /* Debug */ = {
			isa = XCBuildConfiguration;
			baseConfigurationReference = 4412D13B0CC80596FFCDAACA /* Pods-CODETest.debug.xcconfig */;
			buildSettings = {
				ASSETCATALOG_COMPILER_APPICON_NAME = AppIcon;
				ASSETCATALOG_COMPILER_GLOBAL_ACCENT_COLOR_NAME = AccentColor;
				CODE_SIGN_STYLE = Automatic;
				CURRENT_PROJECT_VERSION = 1;
				DEVELOPMENT_TEAM = JVW2R72ZC3;
				GENERATE_INFOPLIST_FILE = YES;
				INFOPLIST_FILE = CODETest/Application/Info.plist;
				INFOPLIST_KEY_UIApplicationSupportsIndirectInputEvents = YES;
				INFOPLIST_KEY_UILaunchStoryboardName = LaunchScreen;
				INFOPLIST_KEY_UIMainStoryboardFile = Main;
				INFOPLIST_KEY_UISupportedInterfaceOrientations_iPad = "UIInterfaceOrientationPortrait UIInterfaceOrientationPortraitUpsideDown UIInterfaceOrientationLandscapeLeft UIInterfaceOrientationLandscapeRight";
				INFOPLIST_KEY_UISupportedInterfaceOrientations_iPhone = "UIInterfaceOrientationPortrait UIInterfaceOrientationLandscapeLeft UIInterfaceOrientationLandscapeRight";
				LD_RUNPATH_SEARCH_PATHS = (
					"$(inherited)",
					"@executable_path/Frameworks",
				);
				MARKETING_VERSION = 1.0;
				PRODUCT_BUNDLE_IDENTIFIER = com.example.CODETest;
				PRODUCT_NAME = "$(TARGET_NAME)";
				SWIFT_EMIT_LOC_STRINGS = YES;
				SWIFT_VERSION = 5.0;
				TARGETED_DEVICE_FAMILY = "1,2";
			};
			name = Debug;
		};
		63D02AD52BA085EA0081BCC2 /* Release */ = {
			isa = XCBuildConfiguration;
			baseConfigurationReference = CEB944F00395885340DA19F5 /* Pods-CODETest.release.xcconfig */;
			buildSettings = {
				ASSETCATALOG_COMPILER_APPICON_NAME = AppIcon;
				ASSETCATALOG_COMPILER_GLOBAL_ACCENT_COLOR_NAME = AccentColor;
				CODE_SIGN_STYLE = Automatic;
				CURRENT_PROJECT_VERSION = 1;
				DEVELOPMENT_TEAM = JVW2R72ZC3;
				GENERATE_INFOPLIST_FILE = YES;
				INFOPLIST_FILE = CODETest/Application/Info.plist;
				INFOPLIST_KEY_UIApplicationSupportsIndirectInputEvents = YES;
				INFOPLIST_KEY_UILaunchStoryboardName = LaunchScreen;
				INFOPLIST_KEY_UIMainStoryboardFile = Main;
				INFOPLIST_KEY_UISupportedInterfaceOrientations_iPad = "UIInterfaceOrientationPortrait UIInterfaceOrientationPortraitUpsideDown UIInterfaceOrientationLandscapeLeft UIInterfaceOrientationLandscapeRight";
				INFOPLIST_KEY_UISupportedInterfaceOrientations_iPhone = "UIInterfaceOrientationPortrait UIInterfaceOrientationLandscapeLeft UIInterfaceOrientationLandscapeRight";
				LD_RUNPATH_SEARCH_PATHS = (
					"$(inherited)",
					"@executable_path/Frameworks",
				);
				MARKETING_VERSION = 1.0;
				PRODUCT_BUNDLE_IDENTIFIER = com.example.CODETest;
				PRODUCT_NAME = "$(TARGET_NAME)";
				SWIFT_EMIT_LOC_STRINGS = YES;
				SWIFT_VERSION = 5.0;
				TARGETED_DEVICE_FAMILY = "1,2";
			};
			name = Release;
		};
/* End XCBuildConfiguration section */

/* Begin XCConfigurationList section */
		63D02ABA2BA085E50081BCC2 /* Build configuration list for PBXProject "CODETest" */ = {
			isa = XCConfigurationList;
			buildConfigurations = (
				63D02AD12BA085EA0081BCC2 /* Debug */,
				63D02AD22BA085EA0081BCC2 /* Release */,
			);
			defaultConfigurationIsVisible = 0;
			defaultConfigurationName = Release;
		};
		63D02AD32BA085EA0081BCC2 /* Build configuration list for PBXNativeTarget "CODETest" */ = {
			isa = XCConfigurationList;
			buildConfigurations = (
				63D02AD42BA085EA0081BCC2 /* Debug */,
				63D02AD52BA085EA0081BCC2 /* Release */,
			);
			defaultConfigurationIsVisible = 0;
			defaultConfigurationName = Release;
		};
/* End XCConfigurationList section */
	};
	rootObject = 63D02AB72BA085E50081BCC2 /* Project object */;
}
